// !$*UTF8*$!
{
	archiveVersion = 1;
	classes = {
	};
	objectVersion = 46;
	objects = {

/* Begin PBXBuildFile section */
		129FCE18195E88C900EE7317 /* AppDelegate.swift in Sources */ = {isa = PBXBuildFile; fileRef = 129FCE17195E88C900EE7317 /* AppDelegate.swift */; };
		129FCE1A195E88C900EE7317 /* Images.xcassets in Resources */ = {isa = PBXBuildFile; fileRef = 129FCE19195E88C900EE7317 /* Images.xcassets */; };
		129FCE32195E9D8C00EE7317 /* MyTableViewController.swift in Sources */ = {isa = PBXBuildFile; fileRef = 129FCE31195E9D8C00EE7317 /* MyTableViewController.swift */; };
		12DD5A432217D02500F7639C /* SwiftTableViewControllerUITests.swift in Sources */ = {isa = PBXBuildFile; fileRef = 12DD5A422217D02500F7639C /* SwiftTableViewControllerUITests.swift */; };
		12DD5A512217D0C200F7639C /* SwiftTableViewControllerTests.swift in Sources */ = {isa = PBXBuildFile; fileRef = 12DD5A502217D0C200F7639C /* SwiftTableViewControllerTests.swift */; };
/* End PBXBuildFile section */

/* Begin PBXContainerItemProxy section */
		12DD5A452217D02500F7639C /* PBXContainerItemProxy */ = {
			isa = PBXContainerItemProxy;
			containerPortal = 129FCE0A195E88C900EE7317 /* Project object */;
			proxyType = 1;
			remoteGlobalIDString = 129FCE11195E88C900EE7317;
			remoteInfo = SwiftTableViewController;
		};
		12DD5A532217D0C200F7639C /* PBXContainerItemProxy */ = {
			isa = PBXContainerItemProxy;
			containerPortal = 129FCE0A195E88C900EE7317 /* Project object */;
			proxyType = 1;
			remoteGlobalIDString = 129FCE11195E88C900EE7317;
			remoteInfo = SwiftTableViewController;
		};
/* End PBXContainerItemProxy section */

/* Begin PBXFileReference section */
		129FCE12195E88C900EE7317 /* SwiftTableViewController.app */ = {isa = PBXFileReference; explicitFileType = wrapper.application; includeInIndex = 0; path = SwiftTableViewController.app; sourceTree = BUILT_PRODUCTS_DIR; };
		129FCE16195E88C900EE7317 /* Info.plist */ = {isa = PBXFileReference; lastKnownFileType = text.plist.xml; path = Info.plist; sourceTree = "<group>"; };
		129FCE17195E88C900EE7317 /* AppDelegate.swift */ = {isa = PBXFileReference; lastKnownFileType = sourcecode.swift; path = AppDelegate.swift; sourceTree = "<group>"; };
		129FCE19195E88C900EE7317 /* Images.xcassets */ = {isa = PBXFileReference; lastKnownFileType = folder.assetcatalog; path = Images.xcassets; sourceTree = "<group>"; };
		129FCE31195E9D8C00EE7317 /* MyTableViewController.swift */ = {isa = PBXFileReference; fileEncoding = 4; lastKnownFileType = sourcecode.swift; path = MyTableViewController.swift; sourceTree = "<group>"; };
		12DD5A402217D02500F7639C /* SwiftTableViewControllerUITests.xctest */ = {isa = PBXFileReference; explicitFileType = wrapper.cfbundle; includeInIndex = 0; path = SwiftTableViewControllerUITests.xctest; sourceTree = BUILT_PRODUCTS_DIR; };
		12DD5A422217D02500F7639C /* SwiftTableViewControllerUITests.swift */ = {isa = PBXFileReference; lastKnownFileType = sourcecode.swift; path = SwiftTableViewControllerUITests.swift; sourceTree = "<group>"; };
		12DD5A442217D02500F7639C /* Info.plist */ = {isa = PBXFileReference; lastKnownFileType = text.plist.xml; path = Info.plist; sourceTree = "<group>"; };
		12DD5A4E2217D0C100F7639C /* SwiftTableViewControllerTests.xctest */ = {isa = PBXFileReference; explicitFileType = wrapper.cfbundle; includeInIndex = 0; path = SwiftTableViewControllerTests.xctest; sourceTree = BUILT_PRODUCTS_DIR; };
		12DD5A502217D0C200F7639C /* SwiftTableViewControllerTests.swift */ = {isa = PBXFileReference; lastKnownFileType = sourcecode.swift; path = SwiftTableViewControllerTests.swift; sourceTree = "<group>"; };
		12DD5A522217D0C200F7639C /* Info.plist */ = {isa = PBXFileReference; lastKnownFileType = text.plist.xml; path = Info.plist; sourceTree = "<group>"; };
/* End PBXFileReference section */

/* Begin PBXFrameworksBuildPhase section */
		129FCE0F195E88C900EE7317 /* Frameworks */ = {
			isa = PBXFrameworksBuildPhase;
			buildActionMask = 2147483647;
			files = (
			);
			runOnlyForDeploymentPostprocessing = 0;
		};
		12DD5A3D2217D02500F7639C /* Frameworks */ = {
			isa = PBXFrameworksBuildPhase;
			buildActionMask = 2147483647;
			files = (
			);
			runOnlyForDeploymentPostprocessing = 0;
		};
		12DD5A4B2217D0C100F7639C /* Frameworks */ = {
			isa = PBXFrameworksBuildPhase;
			buildActionMask = 2147483647;
			files = (
			);
			runOnlyForDeploymentPostprocessing = 0;
		};
/* End PBXFrameworksBuildPhase section */

/* Begin PBXGroup section */
		129FCE09195E88C900EE7317 = {
			isa = PBXGroup;
			children = (
				129FCE14195E88C900EE7317 /* SwiftTableViewController */,
				12DD5A4F2217D0C200F7639C /* SwiftTableViewControllerTests */,
				12DD5A412217D02500F7639C /* SwiftTableViewControllerUITests */,
				129FCE13195E88C900EE7317 /* Products */,
			);
			sourceTree = "<group>";
		};
		129FCE13195E88C900EE7317 /* Products */ = {
			isa = PBXGroup;
			children = (
				129FCE12195E88C900EE7317 /* SwiftTableViewController.app */,
				12DD5A402217D02500F7639C /* SwiftTableViewControllerUITests.xctest */,
				12DD5A4E2217D0C100F7639C /* SwiftTableViewControllerTests.xctest */,
			);
			name = Products;
			sourceTree = "<group>";
		};
		129FCE14195E88C900EE7317 /* SwiftTableViewController */ = {
			isa = PBXGroup;
			children = (
				129FCE17195E88C900EE7317 /* AppDelegate.swift */,
				129FCE31195E9D8C00EE7317 /* MyTableViewController.swift */,
				129FCE19195E88C900EE7317 /* Images.xcassets */,
				129FCE15195E88C900EE7317 /* Supporting Files */,
			);
			path = SwiftTableViewController;
			sourceTree = "<group>";
		};
		129FCE15195E88C900EE7317 /* Supporting Files */ = {
			isa = PBXGroup;
			children = (
				129FCE16195E88C900EE7317 /* Info.plist */,
			);
			name = "Supporting Files";
			sourceTree = "<group>";
		};
		12DD5A412217D02500F7639C /* SwiftTableViewControllerUITests */ = {
			isa = PBXGroup;
			children = (
				12DD5A422217D02500F7639C /* SwiftTableViewControllerUITests.swift */,
				12DD5A442217D02500F7639C /* Info.plist */,
			);
			path = SwiftTableViewControllerUITests;
			sourceTree = "<group>";
		};
		12DD5A4F2217D0C200F7639C /* SwiftTableViewControllerTests */ = {
			isa = PBXGroup;
			children = (
				12DD5A502217D0C200F7639C /* SwiftTableViewControllerTests.swift */,
				12DD5A522217D0C200F7639C /* Info.plist */,
			);
			path = SwiftTableViewControllerTests;
			sourceTree = "<group>";
		};
/* End PBXGroup section */

/* Begin PBXNativeTarget section */
		129FCE11195E88C900EE7317 /* SwiftTableViewController */ = {
			isa = PBXNativeTarget;
			buildConfigurationList = 129FCE29195E88C900EE7317 /* Build configuration list for PBXNativeTarget "SwiftTableViewController" */;
			buildPhases = (
				129FCE0E195E88C900EE7317 /* Sources */,
				129FCE0F195E88C900EE7317 /* Frameworks */,
				129FCE10195E88C900EE7317 /* Resources */,
			);
			buildRules = (
			);
			dependencies = (
			);
			name = SwiftTableViewController;
			productName = SwiftTableViewTest;
			productReference = 129FCE12195E88C900EE7317 /* SwiftTableViewController.app */;
			productType = "com.apple.product-type.application";
		};
		12DD5A3F2217D02500F7639C /* SwiftTableViewControllerUITests */ = {
			isa = PBXNativeTarget;
			buildConfigurationList = 12DD5A472217D02500F7639C /* Build configuration list for PBXNativeTarget "SwiftTableViewControllerUITests" */;
			buildPhases = (
				12DD5A3C2217D02500F7639C /* Sources */,
				12DD5A3D2217D02500F7639C /* Frameworks */,
				12DD5A3E2217D02500F7639C /* Resources */,
			);
			buildRules = (
			);
			dependencies = (
				12DD5A462217D02500F7639C /* PBXTargetDependency */,
			);
			name = SwiftTableViewControllerUITests;
			productName = SwiftTableViewControllerUITests;
			productReference = 12DD5A402217D02500F7639C /* SwiftTableViewControllerUITests.xctest */;
			productType = "com.apple.product-type.bundle.ui-testing";
		};
		12DD5A4D2217D0C100F7639C /* SwiftTableViewControllerTests */ = {
			isa = PBXNativeTarget;
			buildConfigurationList = 12DD5A552217D0C200F7639C /* Build configuration list for PBXNativeTarget "SwiftTableViewControllerTests" */;
			buildPhases = (
				12DD5A4A2217D0C100F7639C /* Sources */,
				12DD5A4B2217D0C100F7639C /* Frameworks */,
				12DD5A4C2217D0C100F7639C /* Resources */,
			);
			buildRules = (
			);
			dependencies = (
				12DD5A542217D0C200F7639C /* PBXTargetDependency */,
			);
			name = SwiftTableViewControllerTests;
			productName = SwiftTableViewControllerTests;
			productReference = 12DD5A4E2217D0C100F7639C /* SwiftTableViewControllerTests.xctest */;
			productType = "com.apple.product-type.bundle.unit-test";
		};
/* End PBXNativeTarget section */

/* Begin PBXProject section */
		129FCE0A195E88C900EE7317 /* Project object */ = {
			isa = PBXProject;
			attributes = {
				LastSwiftUpdateCheck = 1010;
				LastUpgradeCheck = 0940;
				ORGANIZATIONNAME = test;
				TargetAttributes = {
					129FCE11195E88C900EE7317 = {
						CreatedOnToolsVersion = 6.0;
						DevelopmentTeam = 97JN7SJ3KH;
						LastSwiftMigration = 1010;
					};
					12DD5A3F2217D02500F7639C = {
						CreatedOnToolsVersion = 10.1;
						DevelopmentTeam = 97JN7SJ3KH;
						ProvisioningStyle = Automatic;
						TestTargetID = 129FCE11195E88C900EE7317;
					};
					12DD5A4D2217D0C100F7639C = {
						CreatedOnToolsVersion = 10.1;
						DevelopmentTeam = 97JN7SJ3KH;
						ProvisioningStyle = Automatic;
						TestTargetID = 129FCE11195E88C900EE7317;
					};
				};
			};
			buildConfigurationList = 129FCE0D195E88C900EE7317 /* Build configuration list for PBXProject "SwiftTableViewController" */;
			compatibilityVersion = "Xcode 3.2";
			developmentRegion = English;
			hasScannedForEncodings = 0;
			knownRegions = (
				en,
			);
			mainGroup = 129FCE09195E88C900EE7317;
			productRefGroup = 129FCE13195E88C900EE7317 /* Products */;
			projectDirPath = "";
			projectRoot = "";
			targets = (
				129FCE11195E88C900EE7317 /* SwiftTableViewController */,
				12DD5A4D2217D0C100F7639C /* SwiftTableViewControllerTests */,
				12DD5A3F2217D02500F7639C /* SwiftTableViewControllerUITests */,
			);
		};
/* End PBXProject section */

/* Begin PBXResourcesBuildPhase section */
		129FCE10195E88C900EE7317 /* Resources */ = {
			isa = PBXResourcesBuildPhase;
			buildActionMask = 2147483647;
			files = (
				129FCE1A195E88C900EE7317 /* Images.xcassets in Resources */,
			);
			runOnlyForDeploymentPostprocessing = 0;
		};
		12DD5A3E2217D02500F7639C /* Resources */ = {
			isa = PBXResourcesBuildPhase;
			buildActionMask = 2147483647;
			files = (
			);
			runOnlyForDeploymentPostprocessing = 0;
		};
		12DD5A4C2217D0C100F7639C /* Resources */ = {
			isa = PBXResourcesBuildPhase;
			buildActionMask = 2147483647;
			files = (
			);
			runOnlyForDeploymentPostprocessing = 0;
		};
/* End PBXResourcesBuildPhase section */

/* Begin PBXSourcesBuildPhase section */
		129FCE0E195E88C900EE7317 /* Sources */ = {
			isa = PBXSourcesBuildPhase;
			buildActionMask = 2147483647;
			files = (
				129FCE18195E88C900EE7317 /* AppDelegate.swift in Sources */,
				129FCE32195E9D8C00EE7317 /* MyTableViewController.swift in Sources */,
			);
			runOnlyForDeploymentPostprocessing = 0;
		};
		12DD5A3C2217D02500F7639C /* Sources */ = {
			isa = PBXSourcesBuildPhase;
			buildActionMask = 2147483647;
			files = (
				12DD5A432217D02500F7639C /* SwiftTableViewControllerUITests.swift in Sources */,
			);
			runOnlyForDeploymentPostprocessing = 0;
		};
		12DD5A4A2217D0C100F7639C /* Sources */ = {
			isa = PBXSourcesBuildPhase;
			buildActionMask = 2147483647;
			files = (
				12DD5A512217D0C200F7639C /* SwiftTableViewControllerTests.swift in Sources */,
			);
			runOnlyForDeploymentPostprocessing = 0;
		};
/* End PBXSourcesBuildPhase section */

/* Begin PBXTargetDependency section */
		12DD5A462217D02500F7639C /* PBXTargetDependency */ = {
			isa = PBXTargetDependency;
			target = 129FCE11195E88C900EE7317 /* SwiftTableViewController */;
			targetProxy = 12DD5A452217D02500F7639C /* PBXContainerItemProxy */;
		};
		12DD5A542217D0C200F7639C /* PBXTargetDependency */ = {
			isa = PBXTargetDependency;
			target = 129FCE11195E88C900EE7317 /* SwiftTableViewController */;
			targetProxy = 12DD5A532217D0C200F7639C /* PBXContainerItemProxy */;
		};
/* End PBXTargetDependency section */

/* Begin XCBuildConfiguration section */
		129FCE27195E88C900EE7317 /* Debug */ = {
			isa = XCBuildConfiguration;
			buildSettings = {
				ALWAYS_SEARCH_USER_PATHS = NO;
				CLANG_CXX_LANGUAGE_STANDARD = "gnu++0x";
				CLANG_CXX_LIBRARY = "libc++";
				CLANG_ENABLE_MODULES = YES;
				CLANG_ENABLE_OBJC_ARC = YES;
				CLANG_WARN_BLOCK_CAPTURE_AUTORELEASING = YES;
				CLANG_WARN_BOOL_CONVERSION = YES;
				CLANG_WARN_COMMA = YES;
				CLANG_WARN_CONSTANT_CONVERSION = YES;
				CLANG_WARN_DEPRECATED_OBJC_IMPLEMENTATIONS = YES;
				CLANG_WARN_DIRECT_OBJC_ISA_USAGE = YES_ERROR;
				CLANG_WARN_EMPTY_BODY = YES;
				CLANG_WARN_ENUM_CONVERSION = YES;
				CLANG_WARN_INFINITE_RECURSION = YES;
				CLANG_WARN_INT_CONVERSION = YES;
				CLANG_WARN_NON_LITERAL_NULL_CONVERSION = YES;
				CLANG_WARN_OBJC_IMPLICIT_RETAIN_SELF = YES;
				CLANG_WARN_OBJC_LITERAL_CONVERSION = YES;
				CLANG_WARN_OBJC_ROOT_CLASS = YES_ERROR;
				CLANG_WARN_RANGE_LOOP_ANALYSIS = YES;
				CLANG_WARN_STRICT_PROTOTYPES = YES;
				CLANG_WARN_SUSPICIOUS_MOVE = YES;
				CLANG_WARN_UNREACHABLE_CODE = YES;
				CLANG_WARN__DUPLICATE_METHOD_MATCH = YES;
				"CODE_SIGN_IDENTITY[sdk=iphoneos*]" = "iPhone Developer";
				COPY_PHASE_STRIP = NO;
				ENABLE_STRICT_OBJC_MSGSEND = YES;
				ENABLE_TESTABILITY = YES;
				GCC_C_LANGUAGE_STANDARD = gnu99;
				GCC_DYNAMIC_NO_PIC = NO;
				GCC_NO_COMMON_BLOCKS = YES;
				GCC_OPTIMIZATION_LEVEL = 0;
				GCC_PREPROCESSOR_DEFINITIONS = (
					"DEBUG=1",
					"$(inherited)",
				);
				GCC_SYMBOLS_PRIVATE_EXTERN = NO;
				GCC_WARN_64_TO_32_BIT_CONVERSION = YES;
				GCC_WARN_ABOUT_RETURN_TYPE = YES_ERROR;
				GCC_WARN_UNDECLARED_SELECTOR = YES;
				GCC_WARN_UNINITIALIZED_AUTOS = YES_AGGRESSIVE;
				GCC_WARN_UNUSED_FUNCTION = YES;
				GCC_WARN_UNUSED_VARIABLE = YES;
				IPHONEOS_DEPLOYMENT_TARGET = 11.0;
				METAL_ENABLE_DEBUG_INFO = YES;
				ONLY_ACTIVE_ARCH = YES;
				SDKROOT = iphoneos;
				SWIFT_OPTIMIZATION_LEVEL = "-Onone";
			};
			name = Debug;
		};
		129FCE28195E88C900EE7317 /* Release */ = {
			isa = XCBuildConfiguration;
			buildSettings = {
				ALWAYS_SEARCH_USER_PATHS = NO;
				CLANG_CXX_LANGUAGE_STANDARD = "gnu++0x";
				CLANG_CXX_LIBRARY = "libc++";
				CLANG_ENABLE_MODULES = YES;
				CLANG_ENABLE_OBJC_ARC = YES;
				CLANG_WARN_BLOCK_CAPTURE_AUTORELEASING = YES;
				CLANG_WARN_BOOL_CONVERSION = YES;
				CLANG_WARN_COMMA = YES;
				CLANG_WARN_CONSTANT_CONVERSION = YES;
				CLANG_WARN_DEPRECATED_OBJC_IMPLEMENTATIONS = YES;
				CLANG_WARN_DIRECT_OBJC_ISA_USAGE = YES_ERROR;
				CLANG_WARN_EMPTY_BODY = YES;
				CLANG_WARN_ENUM_CONVERSION = YES;
				CLANG_WARN_INFINITE_RECURSION = YES;
				CLANG_WARN_INT_CONVERSION = YES;
				CLANG_WARN_NON_LITERAL_NULL_CONVERSION = YES;
				CLANG_WARN_OBJC_IMPLICIT_RETAIN_SELF = YES;
				CLANG_WARN_OBJC_LITERAL_CONVERSION = YES;
				CLANG_WARN_OBJC_ROOT_CLASS = YES_ERROR;
				CLANG_WARN_RANGE_LOOP_ANALYSIS = YES;
				CLANG_WARN_STRICT_PROTOTYPES = YES;
				CLANG_WARN_SUSPICIOUS_MOVE = YES;
				CLANG_WARN_UNREACHABLE_CODE = YES;
				CLANG_WARN__DUPLICATE_METHOD_MATCH = YES;
				"CODE_SIGN_IDENTITY[sdk=iphoneos*]" = "iPhone Developer";
				COPY_PHASE_STRIP = YES;
				ENABLE_NS_ASSERTIONS = NO;
				ENABLE_STRICT_OBJC_MSGSEND = YES;
				GCC_C_LANGUAGE_STANDARD = gnu99;
				GCC_NO_COMMON_BLOCKS = YES;
				GCC_WARN_64_TO_32_BIT_CONVERSION = YES;
				GCC_WARN_ABOUT_RETURN_TYPE = YES_ERROR;
				GCC_WARN_UNDECLARED_SELECTOR = YES;
				GCC_WARN_UNINITIALIZED_AUTOS = YES_AGGRESSIVE;
				GCC_WARN_UNUSED_FUNCTION = YES;
				GCC_WARN_UNUSED_VARIABLE = YES;
				IPHONEOS_DEPLOYMENT_TARGET = 11.0;
				METAL_ENABLE_DEBUG_INFO = NO;
				SDKROOT = iphoneos;
				SWIFT_OPTIMIZATION_LEVEL = "-Owholemodule";
				VALIDATE_PRODUCT = YES;
			};
			name = Release;
		};
		129FCE2A195E88C900EE7317 /* Debug */ = {
			isa = XCBuildConfiguration;
			buildSettings = {
				ASSETCATALOG_COMPILER_APPICON_NAME = AppIcon;
				ASSETCATALOG_COMPILER_LAUNCHIMAGE_NAME = LaunchImage;
				DEVELOPMENT_TEAM = 97JN7SJ3KH;
				INFOPLIST_FILE = "$(SRCROOT)/SwiftTableViewController/Info.plist";
				IPHONEOS_DEPLOYMENT_TARGET = 11.0;
				LD_RUNPATH_SEARCH_PATHS = "$(inherited) @executable_path/Frameworks";
				PRODUCT_BUNDLE_IDENTIFIER = "test.${PRODUCT_NAME:rfc1034identifier}";
				PRODUCT_NAME = "$(TARGET_NAME)";
				SWIFT_VERSION = 4.2;
				TARGETED_DEVICE_FAMILY = "1,2";
			};
			name = Debug;
		};
		129FCE2B195E88C900EE7317 /* Release */ = {
			isa = XCBuildConfiguration;
			buildSettings = {
				ASSETCATALOG_COMPILER_APPICON_NAME = AppIcon;
				ASSETCATALOG_COMPILER_LAUNCHIMAGE_NAME = LaunchImage;
				DEVELOPMENT_TEAM = 97JN7SJ3KH;
				INFOPLIST_FILE = "$(SRCROOT)/SwiftTableViewController/Info.plist";
				IPHONEOS_DEPLOYMENT_TARGET = 11.0;
				LD_RUNPATH_SEARCH_PATHS = "$(inherited) @executable_path/Frameworks";
				PRODUCT_BUNDLE_IDENTIFIER = "test.${PRODUCT_NAME:rfc1034identifier}";
				PRODUCT_NAME = "$(TARGET_NAME)";
				SWIFT_VERSION = 4.2;
				TARGETED_DEVICE_FAMILY = "1,2";
			};
			name = Release;
		};
		12DD5A482217D02500F7639C /* Debug */ = {
			isa = XCBuildConfiguration;
			buildSettings = {
				CLANG_ANALYZER_NONNULL = YES;
				CLANG_ANALYZER_NUMBER_OBJECT_CONVERSION = YES_AGGRESSIVE;
				CLANG_CXX_LANGUAGE_STANDARD = "gnu++14";
				CLANG_ENABLE_OBJC_WEAK = YES;
				CLANG_WARN_DOCUMENTATION_COMMENTS = YES;
				CLANG_WARN_UNGUARDED_AVAILABILITY = YES_AGGRESSIVE;
				CODE_SIGN_IDENTITY = "iPhone Developer";
				CODE_SIGN_STYLE = Automatic;
				DEBUG_INFORMATION_FORMAT = dwarf;
				DEVELOPMENT_TEAM = 97JN7SJ3KH;
				GCC_C_LANGUAGE_STANDARD = gnu11;
				INFOPLIST_FILE = SwiftTableViewControllerUITests/Info.plist;
				IPHONEOS_DEPLOYMENT_TARGET = 12.1;
				LD_RUNPATH_SEARCH_PATHS = "$(inherited) @executable_path/Frameworks @loader_path/Frameworks";
				MTL_ENABLE_DEBUG_INFO = INCLUDE_SOURCE;
				MTL_FAST_MATH = YES;
				PRODUCT_BUNDLE_IDENTIFIER = test.SwiftTableViewControllerUITests;
				PRODUCT_NAME = "$(TARGET_NAME)";
				SWIFT_ACTIVE_COMPILATION_CONDITIONS = DEBUG;
				SWIFT_VERSION = 4.2;
				TARGETED_DEVICE_FAMILY = "1,2";
				TEST_TARGET_NAME = SwiftTableViewController;
			};
			name = Debug;
		};
		12DD5A492217D02500F7639C /* Release */ = {
			isa = XCBuildConfiguration;
			buildSettings = {
				CLANG_ANALYZER_NONNULL = YES;
				CLANG_ANALYZER_NUMBER_OBJECT_CONVERSION = YES_AGGRESSIVE;
				CLANG_CXX_LANGUAGE_STANDARD = "gnu++14";
				CLANG_ENABLE_OBJC_WEAK = YES;
				CLANG_WARN_DOCUMENTATION_COMMENTS = YES;
				CLANG_WARN_UNGUARDED_AVAILABILITY = YES_AGGRESSIVE;
				CODE_SIGN_IDENTITY = "iPhone Developer";
				CODE_SIGN_STYLE = Automatic;
				COPY_PHASE_STRIP = NO;
				DEBUG_INFORMATION_FORMAT = "dwarf-with-dsym";
				DEVELOPMENT_TEAM = 97JN7SJ3KH;
				GCC_C_LANGUAGE_STANDARD = gnu11;
				INFOPLIST_FILE = SwiftTableViewControllerUITests/Info.plist;
				IPHONEOS_DEPLOYMENT_TARGET = 12.1;
				LD_RUNPATH_SEARCH_PATHS = "$(inherited) @executable_path/Frameworks @loader_path/Frameworks";
				MTL_ENABLE_DEBUG_INFO = NO;
				MTL_FAST_MATH = YES;
				PRODUCT_BUNDLE_IDENTIFIER = test.SwiftTableViewControllerUITests;
				PRODUCT_NAME = "$(TARGET_NAME)";
				SWIFT_VERSION = 4.2;
				TARGETED_DEVICE_FAMILY = "1,2";
				TEST_TARGET_NAME = SwiftTableViewController;
			};
			name = Release;
		};
		12DD5A562217D0C200F7639C /* Debug */ = {
			isa = XCBuildConfiguration;
			buildSettings = {
				BUNDLE_LOADER = "$(TEST_HOST)";
				CLANG_ANALYZER_NONNULL = YES;
				CLANG_ANALYZER_NUMBER_OBJECT_CONVERSION = YES_AGGRESSIVE;
				CLANG_CXX_LANGUAGE_STANDARD = "gnu++14";
				CLANG_ENABLE_OBJC_WEAK = YES;
				CLANG_WARN_DOCUMENTATION_COMMENTS = YES;
				CLANG_WARN_UNGUARDED_AVAILABILITY = YES_AGGRESSIVE;
				CODE_SIGN_IDENTITY = "iPhone Developer";
				CODE_SIGN_STYLE = Automatic;
				DEBUG_INFORMATION_FORMAT = dwarf;
				DEVELOPMENT_TEAM = 97JN7SJ3KH;
				GCC_C_LANGUAGE_STANDARD = gnu11;
				INFOPLIST_FILE = SwiftTableViewControllerTests/Info.plist;
				IPHONEOS_DEPLOYMENT_TARGET = 12.1;
				LD_RUNPATH_SEARCH_PATHS = "$(inherited) @executable_path/Frameworks @loader_path/Frameworks";
				MTL_ENABLE_DEBUG_INFO = INCLUDE_SOURCE;
				MTL_FAST_MATH = YES;
				PRODUCT_BUNDLE_IDENTIFIER = test.SwiftTableViewControllerTests;
				PRODUCT_NAME = "$(TARGET_NAME)";
				SWIFT_ACTIVE_COMPILATION_CONDITIONS = DEBUG;
				SWIFT_VERSION = 4.2;
				TARGETED_DEVICE_FAMILY = "1,2";
				TEST_HOST = "$(BUILT_PRODUCTS_DIR)/SwiftTableViewController.app/SwiftTableViewController";
			};
			name = Debug;
		};
		12DD5A572217D0C200F7639C /* Release */ = {
			isa = XCBuildConfiguration;
			buildSettings = {
				BUNDLE_LOADER = "$(TEST_HOST)";
				CLANG_ANALYZER_NONNULL = YES;
				CLANG_ANALYZER_NUMBER_OBJECT_CONVERSION = YES_AGGRESSIVE;
				CLANG_CXX_LANGUAGE_STANDARD = "gnu++14";
				CLANG_ENABLE_OBJC_WEAK = YES;
				CLANG_WARN_DOCUMENTATION_COMMENTS = YES;
				CLANG_WARN_UNGUARDED_AVAILABILITY = YES_AGGRESSIVE;
				CODE_SIGN_IDENTITY = "iPhone Developer";
				CODE_SIGN_STYLE = Automatic;
				COPY_PHASE_STRIP = NO;
				DEBUG_INFORMATION_FORMAT = "dwarf-with-dsym";
				DEVELOPMENT_TEAM = 97JN7SJ3KH;
				GCC_C_LANGUAGE_STANDARD = gnu11;
				INFOPLIST_FILE = SwiftTableViewControllerTests/Info.plist;
				IPHONEOS_DEPLOYMENT_TARGET = 12.1;
				LD_RUNPATH_SEARCH_PATHS = "$(inherited) @executable_path/Frameworks @loader_path/Frameworks";
				MTL_ENABLE_DEBUG_INFO = NO;
				MTL_FAST_MATH = YES;
				PRODUCT_BUNDLE_IDENTIFIER = test.SwiftTableViewControllerTests;
				PRODUCT_NAME = "$(TARGET_NAME)";
				SWIFT_VERSION = 4.2;
				TARGETED_DEVICE_FAMILY = "1,2";
				TEST_HOST = "$(BUILT_PRODUCTS_DIR)/SwiftTableViewController.app/SwiftTableViewController";
			};
			name = Release;
		};
/* End XCBuildConfiguration section */

/* Begin XCConfigurationList section */
		129FCE0D195E88C900EE7317 /* Build configuration list for PBXProject "SwiftTableViewController" */ = {
			isa = XCConfigurationList;
			buildConfigurations = (
				129FCE27195E88C900EE7317 /* Debug */,
				129FCE28195E88C900EE7317 /* Release */,
			);
			defaultConfigurationIsVisible = 0;
			defaultConfigurationName = Release;
		};
		129FCE29195E88C900EE7317 /* Build configuration list for PBXNativeTarget "SwiftTableViewController" */ = {
			isa = XCConfigurationList;
			buildConfigurations = (
				129FCE2A195E88C900EE7317 /* Debug */,
				129FCE2B195E88C900EE7317 /* Release */,
			);
			defaultConfigurationIsVisible = 0;
			defaultConfigurationName = Release;
		};
		12DD5A472217D02500F7639C /* Build configuration list for PBXNativeTarget "SwiftTableViewControllerUITests" */ = {
			isa = XCConfigurationList;
			buildConfigurations = (
				12DD5A482217D02500F7639C /* Debug */,
				12DD5A492217D02500F7639C /* Release */,
			);
			defaultConfigurationIsVisible = 0;
			defaultConfigurationName = Release;
		};
		12DD5A552217D0C200F7639C /* Build configuration list for PBXNativeTarget "SwiftTableViewControllerTests" */ = {
			isa = XCConfigurationList;
			buildConfigurations = (
				12DD5A562217D0C200F7639C /* Debug */,
				12DD5A572217D0C200F7639C /* Release */,
			);
			defaultConfigurationIsVisible = 0;
			defaultConfigurationName = Release;
		};
/* End XCConfigurationList section */
	};
	rootObject = 129FCE0A195E88C900EE7317 /* Project object */;
}
