// !$*UTF8*$!
{
	archiveVersion = 1;
	classes = {
	};
	objectVersion = 46;
	objects = {

/* Begin PBXBuildFile section */
		129FCE18195E88C900EE7317 /* AppDelegate.swift in Sources */ = {isa = PBXBuildFile; fileRef = 129FCE17195E88C900EE7317 /* AppDelegate.swift */; };
		129FCE1A195E88C900EE7317 /* Images.xcassets in Resources */ = {isa = PBXBuildFile; fileRef = 129FCE19195E88C900EE7317 /* Images.xcassets */; };
		129FCE26195E88C900EE7317 /* SwiftTableViewTestTests.swift in Sources */ = {isa = PBXBuildFile; fileRef = 129FCE25195E88C900EE7317 /* SwiftTableViewTestTests.swift */; };
		129FCE32195E9D8C00EE7317 /* MyTableViewController.swift in Sources */ = {isa = PBXBuildFile; fileRef = 129FCE31195E9D8C00EE7317 /* MyTableViewController.swift */; };
/* End PBXBuildFile section */

/* Begin PBXContainerItemProxy section */
		129FCE20195E88C900EE7317 /* PBXContainerItemProxy */ = {
			isa = PBXContainerItemProxy;
			containerPortal = 129FCE0A195E88C900EE7317 /* Project object */;
			proxyType = 1;
			remoteGlobalIDString = 129FCE11195E88C900EE7317;
			remoteInfo = SwiftTableViewTest;
		};
		12AF0C15195FE30E00C2D7C4 /* PBXContainerItemProxy */ = {
			isa = PBXContainerItemProxy;
			containerPortal = 129FCE0A195E88C900EE7317 /* Project object */;
			proxyType = 1;
			remoteGlobalIDString = 129FCE11195E88C900EE7317;
			remoteInfo = SwiftTableViewTest;
		};
/* End PBXContainerItemProxy section */

/* Begin PBXFileReference section */
		129FCE12195E88C900EE7317 /* SwiftTableViewTest.app */ = {isa = PBXFileReference; explicitFileType = wrapper.application; includeInIndex = 0; path = SwiftTableViewTest.app; sourceTree = BUILT_PRODUCTS_DIR; };
		129FCE16195E88C900EE7317 /* Info.plist */ = {isa = PBXFileReference; lastKnownFileType = text.plist.xml; path = Info.plist; sourceTree = "<group>"; };
		129FCE17195E88C900EE7317 /* AppDelegate.swift */ = {isa = PBXFileReference; lastKnownFileType = sourcecode.swift; path = AppDelegate.swift; sourceTree = "<group>"; };
		129FCE19195E88C900EE7317 /* Images.xcassets */ = {isa = PBXFileReference; lastKnownFileType = folder.assetcatalog; path = Images.xcassets; sourceTree = "<group>"; };
		129FCE1F195E88C900EE7317 /* SwiftTableViewTestTests.xctest */ = {isa = PBXFileReference; explicitFileType = wrapper.cfbundle; includeInIndex = 0; path = SwiftTableViewTestTests.xctest; sourceTree = BUILT_PRODUCTS_DIR; };
		129FCE24195E88C900EE7317 /* Info.plist */ = {isa = PBXFileReference; lastKnownFileType = text.plist.xml; path = Info.plist; sourceTree = "<group>"; };
		129FCE25195E88C900EE7317 /* SwiftTableViewTestTests.swift */ = {isa = PBXFileReference; lastKnownFileType = sourcecode.swift; path = SwiftTableViewTestTests.swift; sourceTree = "<group>"; };
		129FCE31195E9D8C00EE7317 /* MyTableViewController.swift */ = {isa = PBXFileReference; fileEncoding = 4; lastKnownFileType = sourcecode.swift; path = MyTableViewController.swift; sourceTree = "<group>"; };
/* End PBXFileReference section */

/* Begin PBXFrameworksBuildPhase section */
		129FCE0F195E88C900EE7317 /* Frameworks */ = {
			isa = PBXFrameworksBuildPhase;
			buildActionMask = 2147483647;
			files = (
			);
			runOnlyForDeploymentPostprocessing = 0;
		};
		129FCE1C195E88C900EE7317 /* Frameworks */ = {
			isa = PBXFrameworksBuildPhase;
			buildActionMask = 2147483647;
			files = (
			);
			runOnlyForDeploymentPostprocessing = 0;
		};
/* End PBXFrameworksBuildPhase section */

/* Begin PBXGroup section */
		129FCE09195E88C900EE7317 = {
			isa = PBXGroup;
			children = (
				129FCE14195E88C900EE7317 /* SwiftTableViewTest */,
				129FCE22195E88C900EE7317 /* SwiftTableViewTestTests */,
				129FCE13195E88C900EE7317 /* Products */,
			);
			sourceTree = "<group>";
		};
		129FCE13195E88C900EE7317 /* Products */ = {
			isa = PBXGroup;
			children = (
				129FCE12195E88C900EE7317 /* SwiftTableViewTest.app */,
				129FCE1F195E88C900EE7317 /* SwiftTableViewTestTests.xctest */,
			);
			name = Products;
			sourceTree = "<group>";
		};
		129FCE14195E88C900EE7317 /* SwiftTableViewTest */ = {
			isa = PBXGroup;
			children = (
				129FCE17195E88C900EE7317 /* AppDelegate.swift */,
				129FCE31195E9D8C00EE7317 /* MyTableViewController.swift */,
				129FCE19195E88C900EE7317 /* Images.xcassets */,
				129FCE15195E88C900EE7317 /* Supporting Files */,
			);
			path = SwiftTableViewTest;
			sourceTree = "<group>";
		};
		129FCE15195E88C900EE7317 /* Supporting Files */ = {
			isa = PBXGroup;
			children = (
				129FCE16195E88C900EE7317 /* Info.plist */,
			);
			name = "Supporting Files";
			sourceTree = "<group>";
		};
		129FCE22195E88C900EE7317 /* SwiftTableViewTestTests */ = {
			isa = PBXGroup;
			children = (
				129FCE25195E88C900EE7317 /* SwiftTableViewTestTests.swift */,
				129FCE23195E88C900EE7317 /* Supporting Files */,
			);
			path = SwiftTableViewTestTests;
			sourceTree = "<group>";
		};
		129FCE23195E88C900EE7317 /* Supporting Files */ = {
			isa = PBXGroup;
			children = (
				129FCE24195E88C900EE7317 /* Info.plist */,
			);
			name = "Supporting Files";
			sourceTree = "<group>";
		};
/* End PBXGroup section */

/* Begin PBXNativeTarget section */
		129FCE11195E88C900EE7317 /* SwiftTableViewTest */ = {
			isa = PBXNativeTarget;
			buildConfigurationList = 129FCE29195E88C900EE7317 /* Build configuration list for PBXNativeTarget "SwiftTableViewTest" */;
			buildPhases = (
				129FCE0E195E88C900EE7317 /* Sources */,
				129FCE0F195E88C900EE7317 /* Frameworks */,
				129FCE10195E88C900EE7317 /* Resources */,
			);
			buildRules = (
			);
			dependencies = (
			);
			name = SwiftTableViewTest;
			productName = SwiftTableViewTest;
			productReference = 129FCE12195E88C900EE7317 /* SwiftTableViewTest.app */;
			productType = "com.apple.product-type.application";
		};
		129FCE1E195E88C900EE7317 /* SwiftTableViewTestTests */ = {
			isa = PBXNativeTarget;
			buildConfigurationList = 129FCE2C195E88C900EE7317 /* Build configuration list for PBXNativeTarget "SwiftTableViewTestTests" */;
			buildPhases = (
				129FCE1B195E88C900EE7317 /* Sources */,
				129FCE1C195E88C900EE7317 /* Frameworks */,
				129FCE1D195E88C900EE7317 /* Resources */,
			);
			buildRules = (
			);
			dependencies = (
				129FCE21195E88C900EE7317 /* PBXTargetDependency */,
				12AF0C16195FE30E00C2D7C4 /* PBXTargetDependency */,
			);
			name = SwiftTableViewTestTests;
			productName = SwiftTableViewTestTests;
			productReference = 129FCE1F195E88C900EE7317 /* SwiftTableViewTestTests.xctest */;
			productType = "com.apple.product-type.bundle.unit-test";
		};
/* End PBXNativeTarget section */

/* Begin PBXProject section */
		129FCE0A195E88C900EE7317 /* Project object */ = {
			isa = PBXProject;
			attributes = {
				LastUpgradeCheck = 0600;
				ORGANIZATIONNAME = test;
				TargetAttributes = {
					129FCE11195E88C900EE7317 = {
						CreatedOnToolsVersion = 6.0;
					};
					129FCE1E195E88C900EE7317 = {
						CreatedOnToolsVersion = 6.0;
						TestTargetID = 129FCE11195E88C900EE7317;
					};
				};
			};
			buildConfigurationList = 129FCE0D195E88C900EE7317 /* Build configuration list for PBXProject "SwiftTableViewTest" */;
			compatibilityVersion = "Xcode 3.2";
			developmentRegion = English;
			hasScannedForEncodings = 0;
			knownRegions = (
				en,
			);
			mainGroup = 129FCE09195E88C900EE7317;
			productRefGroup = 129FCE13195E88C900EE7317 /* Products */;
			projectDirPath = "";
			projectRoot = "";
			targets = (
				129FCE11195E88C900EE7317 /* SwiftTableViewTest */,
				129FCE1E195E88C900EE7317 /* SwiftTableViewTestTests */,
			);
		};
/* End PBXProject section */

/* Begin PBXResourcesBuildPhase section */
		129FCE10195E88C900EE7317 /* Resources */ = {
			isa = PBXResourcesBuildPhase;
			buildActionMask = 2147483647;
			files = (
				129FCE1A195E88C900EE7317 /* Images.xcassets in Resources */,
			);
			runOnlyForDeploymentPostprocessing = 0;
		};
		129FCE1D195E88C900EE7317 /* Resources */ = {
			isa = PBXResourcesBuildPhase;
			buildActionMask = 2147483647;
			files = (
			);
			runOnlyForDeploymentPostprocessing = 0;
		};
/* End PBXResourcesBuildPhase section */

/* Begin PBXSourcesBuildPhase section */
		129FCE0E195E88C900EE7317 /* Sources */ = {
			isa = PBXSourcesBuildPhase;
			buildActionMask = 2147483647;
			files = (
				129FCE18195E88C900EE7317 /* AppDelegate.swift in Sources */,
				129FCE32195E9D8C00EE7317 /* MyTableViewController.swift in Sources */,
			);
			runOnlyForDeploymentPostprocessing = 0;
		};
		129FCE1B195E88C900EE7317 /* Sources */ = {
			isa = PBXSourcesBuildPhase;
			buildActionMask = 2147483647;
			files = (
				129FCE26195E88C900EE7317 /* SwiftTableViewTestTests.swift in Sources */,
			);
			runOnlyForDeploymentPostprocessing = 0;
		};
/* End PBXSourcesBuildPhase section */

/* Begin PBXTargetDependency section */
		129FCE21195E88C900EE7317 /* PBXTargetDependency */ = {
			isa = PBXTargetDependency;
			target = 129FCE11195E88C900EE7317 /* SwiftTableViewTest */;
			targetProxy = 129FCE20195E88C900EE7317 /* PBXContainerItemProxy */;
		};
		12AF0C16195FE30E00C2D7C4 /* PBXTargetDependency */ = {
			isa = PBXTargetDependency;
			target = 129FCE11195E88C900EE7317 /* SwiftTableViewTest */;
			targetProxy = 12AF0C15195FE30E00C2D7C4 /* PBXContainerItemProxy */;
		};
/* End PBXTargetDependency section */

/* Begin XCBuildConfiguration section */
		129FCE27195E88C900EE7317 /* Debug */ = {
			isa = XCBuildConfiguration;
			buildSettings = {
				ALWAYS_SEARCH_USER_PATHS = NO;
				CLANG_CXX_LANGUAGE_STANDARD = "gnu++0x";
				CLANG_CXX_LIBRARY = "libc++";
				CLANG_ENABLE_MODULES = YES;
				CLANG_ENABLE_OBJC_ARC = YES;
				CLANG_WARN_BOOL_CONVERSION = YES;
				CLANG_WARN_CONSTANT_CONVERSION = YES;
				CLANG_WARN_DIRECT_OBJC_ISA_USAGE = YES_ERROR;
				CLANG_WARN_EMPTY_BODY = YES;
				CLANG_WARN_ENUM_CONVERSION = YES;
				CLANG_WARN_INT_CONVERSION = YES;
				CLANG_WARN_OBJC_ROOT_CLASS = YES_ERROR;
				CLANG_WARN_UNREACHABLE_CODE = YES;
				CLANG_WARN__DUPLICATE_METHOD_MATCH = YES;
				"CODE_SIGN_IDENTITY[sdk=iphoneos*]" = "iPhone Developer";
				COPY_PHASE_STRIP = NO;
				ENABLE_STRICT_OBJC_MSGSEND = YES;
				GCC_C_LANGUAGE_STANDARD = gnu99;
				GCC_DYNAMIC_NO_PIC = NO;
				GCC_OPTIMIZATION_LEVEL = 0;
				GCC_PREPROCESSOR_DEFINITIONS = (
					"DEBUG=1",
					"$(inherited)",
				);
				GCC_SYMBOLS_PRIVATE_EXTERN = NO;
				GCC_WARN_64_TO_32_BIT_CONVERSION = YES;
				GCC_WARN_ABOUT_RETURN_TYPE = YES_ERROR;
				GCC_WARN_UNDECLARED_SELECTOR = YES;
				GCC_WARN_UNINITIALIZED_AUTOS = YES_AGGRESSIVE;
				GCC_WARN_UNUSED_FUNCTION = YES;
				GCC_WARN_UNUSED_VARIABLE = YES;
				IPHONEOS_DEPLOYMENT_TARGET = 8.0;
				METAL_ENABLE_DEBUG_INFO = YES;
				ONLY_ACTIVE_ARCH = YES;
				SDKROOT = iphoneos;
				SWIFT_OPTIMIZATION_LEVEL = "-Onone";
			};
			name = Debug;
		};
		129FCE28195E88C900EE7317 /* Release */ = {
			isa = XCBuildConfiguration;
			buildSettings = {
				ALWAYS_SEARCH_USER_PATHS = NO;
				CLANG_CXX_LANGUAGE_STANDARD = "gnu++0x";
				CLANG_CXX_LIBRARY = "libc++";
				CLANG_ENABLE_MODULES = YES;
				CLANG_ENABLE_OBJC_ARC = YES;
				CLANG_WARN_BOOL_CONVERSION = YES;
				CLANG_WARN_CONSTANT_CONVERSION = YES;
				CLANG_WARN_DIRECT_OBJC_ISA_USAGE = YES_ERROR;
				CLANG_WARN_EMPTY_BODY = YES;
				CLANG_WARN_ENUM_CONVERSION = YES;
				CLANG_WARN_INT_CONVERSION = YES;
				CLANG_WARN_OBJC_ROOT_CLASS = YES_ERROR;
				CLANG_WARN_UNREACHABLE_CODE = YES;
				CLANG_WARN__DUPLICATE_METHOD_MATCH = YES;
				"CODE_SIGN_IDENTITY[sdk=iphoneos*]" = "iPhone Developer";
				COPY_PHASE_STRIP = YES;
				ENABLE_NS_ASSERTIONS = NO;
				ENABLE_STRICT_OBJC_MSGSEND = YES;
				GCC_C_LANGUAGE_STANDARD = gnu99;
				GCC_WARN_64_TO_32_BIT_CONVERSION = YES;
				GCC_WARN_ABOUT_RETURN_TYPE = YES_ERROR;
				GCC_WARN_UNDECLARED_SELECTOR = YES;
				GCC_WARN_UNINITIALIZED_AUTOS = YES_AGGRESSIVE;
				GCC_WARN_UNUSED_FUNCTION = YES;
				GCC_WARN_UNUSED_VARIABLE = YES;
				IPHONEOS_DEPLOYMENT_TARGET = 8.0;
				METAL_ENABLE_DEBUG_INFO = NO;
				SDKROOT = iphoneos;
				VALIDATE_PRODUCT = YES;
			};
			name = Release;
		};
		129FCE2A195E88C900EE7317 /* Debug */ = {
			isa = XCBuildConfiguration;
			buildSettings = {
				ASSETCATALOG_COMPILER_APPICON_NAME = AppIcon;
				ASSETCATALOG_COMPILER_LAUNCHIMAGE_NAME = LaunchImage;
				INFOPLIST_FILE = SwiftTableViewTest/Info.plist;
				IPHONEOS_DEPLOYMENT_TARGET = 7.0;
				LD_RUNPATH_SEARCH_PATHS = "$(inherited) @executable_path/Frameworks";
				PRODUCT_NAME = "$(TARGET_NAME)";
				TARGETED_DEVICE_FAMILY = "1,2";
			};
			name = Debug;
		};
		129FCE2B195E88C900EE7317 /* Release */ = {
			isa = XCBuildConfiguration;
			buildSettings = {
				ASSETCATALOG_COMPILER_APPICON_NAME = AppIcon;
				ASSETCATALOG_COMPILER_LAUNCHIMAGE_NAME = LaunchImage;
				INFOPLIST_FILE = SwiftTableViewTest/Info.plist;
				IPHONEOS_DEPLOYMENT_TARGET = 7.0;
				LD_RUNPATH_SEARCH_PATHS = "$(inherited) @executable_path/Frameworks";
				PRODUCT_NAME = "$(TARGET_NAME)";
				TARGETED_DEVICE_FAMILY = "1,2";
			};
			name = Release;
		};
		129FCE2D195E88C900EE7317 /* Debug */ = {
			isa = XCBuildConfiguration;
			buildSettings = {
				BUNDLE_LOADER = "$(BUILT_PRODUCTS_DIR)/SwiftTableViewTest.app/SwiftTableViewTest";
				FRAMEWORK_SEARCH_PATHS = (
					"$(SDKROOT)/Developer/Library/Frameworks",
					"$(inherited)",
				);
				GCC_PREPROCESSOR_DEFINITIONS = (
					"DEBUG=1",
					"$(inherited)",
				);
				INFOPLIST_FILE = SwiftTableViewTestTests/Info.plist;
				LD_RUNPATH_SEARCH_PATHS = "$(inherited) @executable_path/Frameworks @loader_path/Frameworks";
				METAL_ENABLE_DEBUG_INFO = YES;
				PRODUCT_NAME = "$(TARGET_NAME)";
				TEST_HOST = "$(BUNDLE_LOADER)";
			};
			name = Debug;
		};
		129FCE2E195E88C900EE7317 /* Release */ = {
			isa = XCBuildConfiguration;
			buildSettings = {
				BUNDLE_LOADER = "$(BUILT_PRODUCTS_DIR)/SwiftTableViewTest.app/SwiftTableViewTest";
				FRAMEWORK_SEARCH_PATHS = (
					"$(SDKROOT)/Developer/Library/Frameworks",
					"$(inherited)",
				);
				INFOPLIST_FILE = SwiftTableViewTestTests/Info.plist;
				LD_RUNPATH_SEARCH_PATHS = "$(inherited) @executable_path/Frameworks @loader_path/Frameworks";
				METAL_ENABLE_DEBUG_INFO = NO;
				PRODUCT_NAME = "$(TARGET_NAME)";
				TEST_HOST = "$(BUNDLE_LOADER)";
			};
			name = Release;
		};
/* End XCBuildConfiguration section */

/* Begin XCConfigurationList section */
		129FCE0D195E88C900EE7317 /* Build configuration list for PBXProject "SwiftTableViewTest" */ = {
			isa = XCConfigurationList;
			buildConfigurations = (
				129FCE27195E88C900EE7317 /* Debug */,
				129FCE28195E88C900EE7317 /* Release */,
			);
			defaultConfigurationIsVisible = 0;
			defaultConfigurationName = Release;
		};
		129FCE29195E88C900EE7317 /* Build configuration list for PBXNativeTarget "SwiftTableViewTest" */ = {
			isa = XCConfigurationList;
			buildConfigurations = (
				129FCE2A195E88C900EE7317 /* Debug */,
				129FCE2B195E88C900EE7317 /* Release */,
			);
			defaultConfigurationIsVisible = 0;
			defaultConfigurationName = Release;
		};
		129FCE2C195E88C900EE7317 /* Build configuration list for PBXNativeTarget "SwiftTableViewTestTests" */ = {
			isa = XCConfigurationList;
			buildConfigurations = (
				129FCE2D195E88C900EE7317 /* Debug */,
				129FCE2E195E88C900EE7317 /* Release */,
			);
			defaultConfigurationIsVisible = 0;
			defaultConfigurationName = Release;
		};
/* End XCConfigurationList section */
	};
	rootObject = 129FCE0A195E88C900EE7317 /* Project object */;
}
